
Microsoft Visual Studio Solution File, Format Version 12.00
# Visual Studio 15
VisualStudioVersion = 15.0.28307.489
MinimumVisualStudioVersion = 10.0.40219.1
Project("{FAE04EC0-301F-11D3-BF4B-00C04F79EFBC}") = "SuperAdventure", "SuperAdventure\SuperAdventure.csproj", "{84BBD158-1D1D-44CF-B46C-6BBDDCCD3412}"
EndProject
Project("{FAE04EC0-301F-11D3-BF4B-00C04F79EFBC}") = "Engine", "Engine\Engine.csproj", "{39CC701F-0391-4B05-8686-2DF146563979}"
EndProject
Global
	GlobalSection(SolutionConfigurationPlatforms) = preSolution
		Debug|Any CPU = Debug|Any CPU
		Release|Any CPU = Release|Any CPU
	EndGlobalSection
	GlobalSection(ProjectConfigurationPlatforms) = postSolution
		{84BBD158-1D1D-44CF-B46C-6BBDDCCD3412}.Debug|Any CPU.ActiveCfg = Debug|Any CPU
		{84BBD158-1D1D-44CF-B46C-6BBDDCCD3412}.Debug|Any CPU.Build.0 = Debug|Any CPU
		{84BBD158-1D1D-44CF-B46C-6BBDDCCD3412}.Release|Any CPU.ActiveCfg = Release|Any CPU
		{84BBD158-1D1D-44CF-B46C-6BBDDCCD3412}.Release|Any CPU.Build.0 = Release|Any CPU
		{39CC701F-0391-4B05-8686-2DF146563979}.Debug|Any CPU.ActiveCfg = Debug|Any CPU
		{39CC701F-0391-4B05-8686-2DF146563979}.Debug|Any CPU.Build.0 = Debug|Any CPU
		{39CC701F-0391-4B05-8686-2DF146563979}.Release|Any CPU.ActiveCfg = Release|Any CPU
		{39CC701F-0391-4B05-8686-2DF146563979}.Release|Any CPU.Build.0 = Release|Any CPU
	EndGlobalSection
	GlobalSection(SolutionProperties) = preSolution
		HideSolutionNode = FALSE
	EndGlobalSection
	GlobalSection(ExtensibilityGlobals) = postSolution
		SolutionGuid = {1A3F1B60-B753-4DE6-BEFB-191C8074357F}
	EndGlobalSection
EndGlobal
